
Microsoft Visual Studio Solution File, Format Version 12.00
# Visual Studio 15
VisualStudioVersion = 15.0.26730.15
MinimumVisualStudioVersion = 10.0.40219.1
Project("{8BC9CEB8-8B4A-11D0-8D11-00A0C91BC942}") = "RoboticArmClassPC", "RoboticArmClassPC\RoboticArmClassPC.vcxproj", "{1E49317A-DA5A-4CD1-A25C-1AEE1CB90D82}"
EndProject
Global
	GlobalSection(SolutionConfigurationPlatforms) = preSolution
		Debug|x64 = Debug|x64
		Debug|x86 = Debug|x86
		Release|x64 = Release|x64
		Release|x86 = Release|x86
	EndGlobalSection
	GlobalSection(ProjectConfigurationPlatforms) = postSolution
		{1E49317A-DA5A-4CD1-A25C-1AEE1CB90D82}.Debug|x64.ActiveCfg = Debug|x64
		{1E49317A-DA5A-4CD1-A25C-1AEE1CB90D82}.Debug|x64.Build.0 = Debug|x64
		{1E49317A-DA5A-4CD1-A25C-1AEE1CB90D82}.Debug|x86.ActiveCfg = Debug|Win32
		{1E49317A-DA5A-4CD1-A25C-1AEE1CB90D82}.Debug|x86.Build.0 = Debug|Win32
		{1E49317A-DA5A-4CD1-A25C-1AEE1CB90D82}.Release|x64.ActiveCfg = Release|x64
		{1E49317A-DA5A-4CD1-A25C-1AEE1CB90D82}.Release|x64.Build.0 = Release|x64
		{1E49317A-DA5A-4CD1-A25C-1AEE1CB90D82}.Release|x86.ActiveCfg = Release|Win32
		{1E49317A-DA5A-4CD1-A25C-1AEE1CB90D82}.Release|x86.Build.0 = Release|Win32
	EndGlobalSection
	GlobalSection(SolutionProperties) = preSolution
		HideSolutionNode = FALSE
	EndGlobalSection
	GlobalSection(ExtensibilityGlobals) = postSolution
		SolutionGuid = {B92AADD7-310E-46E0-A045-B88B06EB3394}
	EndGlobalSection
EndGlobal
